
Microsoft Visual Studio Solution File, Format Version 12.00
# Visual Studio Version 18
VisualStudioVersion = 18.4.11626.88 stable
MinimumVisualStudioVersion = 10.0.40219.1
Project("{FAE04EC0-301F-11D3-BF4B-00C04F79EFBC}") = "PracticeWebApi", "PracticeWebApi.csproj", "{77099890-B548-B51D-B56E-ADB19543DEBB}"
EndProject
Global
	GlobalSection(SolutionConfigurationPlatforms) = preSolution
		Debug|Any CPU = Debug|Any CPU
		Release|Any CPU = Release|Any CPU
	EndGlobalSection
	GlobalSection(ProjectConfigurationPlatforms) = postSolution
		{77099890-B548-B51D-B56E-ADB19543DEBB}.Debug|Any CPU.ActiveCfg = Debug|Any CPU
		{77099890-B548-B51D-B56E-ADB19543DEBB}.Debug|Any CPU.Build.0 = Debug|Any CPU
		{77099890-B548-B51D-B56E-ADB19543DEBB}.Release|Any CPU.ActiveCfg = Release|Any CPU
		{77099890-B548-B51D-B56E-ADB19543DEBB}.Release|Any CPU.Build.0 = Release|Any CPU
	EndGlobalSection
	GlobalSection(SolutionProperties) = preSolution
		HideSolutionNode = FALSE
	EndGlobalSection
	GlobalSection(ExtensibilityGlobals) = postSolution
		SolutionGuid = {F7DAB6C1-840D-4A69-9191-FDCBA0272999}
	EndGlobalSection
EndGlobal
